<?xml version="1.0" encoding="utf-8"?>
<Project ToolsVersion="4.0" xmlns="http://schemas.microsoft.com/developer/msbuild/2003">
  <ItemGroup>
    <Filter Include="Исходные файлы">
      <UniqueIdentifier>{4FC737F1-C7A5-4376-A066-2A32D752A2FF}</UniqueIdentifier>
      <Extensions>cpp;c;cc;cxx;def;odl;idl;hpj;bat;asm;asmx</Extensions>
    </Filter>
    <Filter Include="Файлы заголовков">
      <UniqueIdentifier>{93995380-89BD-4b04-88EB-625FBE52EBFB}</UniqueIdentifier>
      <Extensions>h;hh;hpp;hxx;hm;inl;inc;ipp;xsd</Extensions>
    </Filter>
    <Filter Include="Файлы ресурсов">
      <UniqueIdentifier>{67DA6AB6-F800-4c08-8B7A-83BB121AAD01}</UniqueIdentifier>
      <Extensions>rc;ico;cur;bmp;dlg;rc2;rct;bin;rgs;gif;jpg;jpeg;jpe;resx;tiff;tif;png;wav;mfcribbon-ms</Extensions>
    </Filter>
    <Filter Include="Файлы ресурсов\STR_SET">
      <UniqueIdentifier>{438c67c3-d91d-45f3-8dab-14376eda42bd}</UniqueIdentifier>
    </Filter>
    <Filter Include="Файлы ресурсов\String Parser">
      <UniqueIdentifier>{6baad5f2-f1fd-4e2d-b6f9-ad0b37b96cb8}</UniqueIdentifier>
    </Filter>
  </ItemGroup>
  <ItemGroup>
    <ClCompile Include="main.c">
      <Filter>Файлы ресурсов</Filter>
    </ClCompile>
    <ClCompile Include="str_set.c">
      <Filter>Файлы ресурсов\STR_SET</Filter>
    </ClCompile>
    <ClCompile Include="str_parser.c">
      <Filter>Файлы ресурсов\String Parser</Filter>
    </ClCompile>
  </ItemGroup>
  <ItemGroup>
    <ClInclude Include="str_set.h">
      <Filter>Файлы ресурсов\STR_SET</Filter>
    </ClInclude>
    <ClInclude Include="str_parser.h">
      <Filter>Файлы ресурсов\String Parser</Filter>
    </ClInclude>
  </ItemGroup>
</Project>